#MicroXplorer Configuration settings - do not modify
ADC1.Channel-0\#ChannelRegularConversion=ADC_CHANNEL_2
ADC1.CommonPathInternal=null|null|null|null
ADC1.IPParameters=Rank-0\#ChannelRegularConversion,Channel-0\#ChannelRegularConversion,SamplingTime-0\#ChannelRegularConversion,OffsetNumber-0\#ChannelRegularConversion,NbrOfConversionFlag,master,CommonPathInternal
ADC1.NbrOfConversionFlag=1
ADC1.OffsetNumber-0\#ChannelRegularConversion=ADC_OFFSET_NONE
ADC1.Rank-0\#ChannelRegularConversion=1
ADC1.SamplingTime-0\#ChannelRegularConversion=ADC_SAMPLETIME_2CYCLES_5
ADC1.master=1
ADC2.Channel-0\#ChannelRegularConversion=ADC_CHANNEL_5
ADC2.CommonPathInternal=null|null|null|null
ADC2.IPParameters=Rank-0\#ChannelRegularConversion,Channel-0\#ChannelRegularConversion,SamplingTime-0\#ChannelRegularConversion,OffsetNumber-0\#ChannelRegularConversion,NbrOfConversionFlag,CommonPathInternal
ADC2.NbrOfConversionFlag=1
ADC2.OffsetNumber-0\#ChannelRegularConversion=ADC_OFFSET_NONE
ADC2.Rank-0\#ChannelRegularConversion=1
ADC2.SamplingTime-0\#ChannelRegularConversion=ADC_SAMPLETIME_2CYCLES_5
ADC3.Channel-1\#ChannelRegularConversion=ADC_CHANNEL_8
ADC3.CommonPathInternal=null|null|null|null
ADC3.IPParameters=Rank-1\#ChannelRegularConversion,Channel-1\#ChannelRegularConversion,SamplingTime-1\#ChannelRegularConversion,OffsetNumber-1\#ChannelRegularConversion,NbrOfConversionFlag,master,CommonPathInternal
ADC3.NbrOfConversionFlag=1
ADC3.OffsetNumber-1\#ChannelRegularConversion=ADC_OFFSET_NONE
ADC3.Rank-1\#ChannelRegularConversion=1
ADC3.SamplingTime-1\#ChannelRegularConversion=ADC_SAMPLETIME_2CYCLES_5
ADC3.master=1
ADC4.Channel-0\#ChannelRegularConversion=ADC_CHANNEL_4
ADC4.Channel-2\#ChannelRegularConversion=ADC_CHANNEL_5
ADC4.CommonPathInternal=null|null|null|null
ADC4.ContinuousConvMode=ENABLE
ADC4.DMAContinuousRequests=ENABLE
ADC4.EOCSelection=ADC_EOC_SINGLE_CONV
ADC4.IPParameters=NbrOfConversionFlag,Channel-0\#ChannelRegularConversion,ContinuousConvMode,Rank-2\#ChannelRegularConversion,Channel-2\#ChannelRegularConversion,SamplingTime-2\#ChannelRegularConversion,OffsetNumber-2\#ChannelRegularConversion,NbrOfConversion,EOCSelection,DMAContinuousRequests,SamplingTime-0\#ChannelRegularConversion,CommonPathInternal
ADC4.NbrOfConversion=2
ADC4.NbrOfConversionFlag=1
ADC4.OffsetNumber-2\#ChannelRegularConversion=ADC_OFFSET_NONE
ADC4.Rank-2\#ChannelRegularConversion=2
ADC4.SamplingTime-0\#ChannelRegularConversion=ADC_SAMPLETIME_640CYCLES_5
ADC4.SamplingTime-2\#ChannelRegularConversion=ADC_SAMPLETIME_640CYCLES_5
Dma.ADC4.4.Direction=DMA_PERIPH_TO_MEMORY
Dma.ADC4.4.EventEnable=DISABLE
Dma.ADC4.4.Instance=DMA1_Channel5
Dma.ADC4.4.MemDataAlignment=DMA_MDATAALIGN_WORD
Dma.ADC4.4.MemInc=DMA_MINC_ENABLE
Dma.ADC4.4.Mode=DMA_CIRCULAR
Dma.ADC4.4.PeriphDataAlignment=DMA_PDATAALIGN_WORD
Dma.ADC4.4.PeriphInc=DMA_PINC_DISABLE
Dma.ADC4.4.Polarity=HAL_DMAMUX_REQ_GEN_RISING
Dma.ADC4.4.Priority=DMA_PRIORITY_LOW
Dma.ADC4.4.RequestNumber=1
Dma.ADC4.4.RequestParameters=Instance,Direction,PeriphInc,MemInc,PeriphDataAlignment,MemDataAlignment,Mode,Priority,SignalID,Polarity,RequestNumber,SyncSignalID,SyncPolarity,SyncEnable,EventEnable,SyncRequestNumber
Dma.ADC4.4.SignalID=NONE
Dma.ADC4.4.SyncEnable=DISABLE
Dma.ADC4.4.SyncPolarity=HAL_DMAMUX_SYNC_NO_EVENT
Dma.ADC4.4.SyncRequestNumber=1
Dma.ADC4.4.SyncSignalID=NONE
Dma.I2C1_RX.2.Direction=DMA_PERIPH_TO_MEMORY
Dma.I2C1_RX.2.EventEnable=DISABLE
Dma.I2C1_RX.2.Instance=DMA1_Channel3
Dma.I2C1_RX.2.MemDataAlignment=DMA_MDATAALIGN_BYTE
Dma.I2C1_RX.2.MemInc=DMA_MINC_ENABLE
Dma.I2C1_RX.2.Mode=DMA_NORMAL
Dma.I2C1_RX.2.PeriphDataAlignment=DMA_PDATAALIGN_BYTE
Dma.I2C1_RX.2.PeriphInc=DMA_PINC_DISABLE
Dma.I2C1_RX.2.Polarity=HAL_DMAMUX_REQ_GEN_RISING
Dma.I2C1_RX.2.Priority=DMA_PRIORITY_LOW
Dma.I2C1_RX.2.RequestNumber=1
Dma.I2C1_RX.2.RequestParameters=Instance,Direction,PeriphInc,MemInc,PeriphDataAlignment,MemDataAlignment,Mode,Priority,SignalID,Polarity,RequestNumber,SyncSignalID,SyncPolarity,SyncEnable,EventEnable,SyncRequestNumber
Dma.I2C1_RX.2.SignalID=NONE
Dma.I2C1_RX.2.SyncEnable=DISABLE
Dma.I2C1_RX.2.SyncPolarity=HAL_DMAMUX_SYNC_NO_EVENT
Dma.I2C1_RX.2.SyncRequestNumber=1
Dma.I2C1_RX.2.SyncSignalID=NONE
Dma.I2C1_TX.3.Direction=DMA_MEMORY_TO_PERIPH
Dma.I2C1_TX.3.EventEnable=DISABLE
Dma.I2C1_TX.3.Instance=DMA1_Channel4
Dma.I2C1_TX.3.MemDataAlignment=DMA_MDATAALIGN_BYTE
Dma.I2C1_TX.3.MemInc=DMA_MINC_ENABLE
Dma.I2C1_TX.3.Mode=DMA_NORMAL
Dma.I2C1_TX.3.PeriphDataAlignment=DMA_PDATAALIGN_BYTE
Dma.I2C1_TX.3.PeriphInc=DMA_PINC_DISABLE
Dma.I2C1_TX.3.Polarity=HAL_DMAMUX_REQ_GEN_RISING
Dma.I2C1_TX.3.Priority=DMA_PRIORITY_LOW
Dma.I2C1_TX.3.RequestNumber=1
Dma.I2C1_TX.3.RequestParameters=Instance,Direction,PeriphInc,MemInc,PeriphDataAlignment,MemDataAlignment,Mode,Priority,SignalID,Polarity,RequestNumber,SyncSignalID,SyncPolarity,SyncEnable,EventEnable,SyncRequestNumber
Dma.I2C1_TX.3.SignalID=NONE
Dma.I2C1_TX.3.SyncEnable=DISABLE
Dma.I2C1_TX.3.SyncPolarity=HAL_DMAMUX_SYNC_NO_EVENT
Dma.I2C1_TX.3.SyncRequestNumber=1
Dma.I2C1_TX.3.SyncSignalID=NONE
Dma.MEMTOMEM.5.Direction=DMA_MEMORY_TO_MEMORY
Dma.MEMTOMEM.5.EventEnable=DISABLE
Dma.MEMTOMEM.5.Instance=DMA1_Channel1
Dma.MEMTOMEM.5.MemDataAlignment=DMA_MDATAALIGN_HALFWORD
Dma.MEMTOMEM.5.MemInc=DMA_MINC_DISABLE
Dma.MEMTOMEM.5.Mode=DMA_NORMAL
Dma.MEMTOMEM.5.PeriphDataAlignment=DMA_PDATAALIGN_HALFWORD
Dma.MEMTOMEM.5.PeriphInc=DMA_PINC_ENABLE
Dma.MEMTOMEM.5.Polarity=HAL_DMAMUX_REQ_GEN_RISING
Dma.MEMTOMEM.5.Priority=DMA_PRIORITY_HIGH
Dma.MEMTOMEM.5.RequestNumber=1
Dma.MEMTOMEM.5.RequestParameters=Instance,Direction,PeriphInc,MemInc,PeriphDataAlignment,MemDataAlignment,Mode,Priority,SignalID,Polarity,RequestNumber,SyncSignalID,SyncPolarity,SyncEnable,EventEnable,SyncRequestNumber
Dma.MEMTOMEM.5.SignalID=NONE
Dma.MEMTOMEM.5.SyncEnable=DISABLE
Dma.MEMTOMEM.5.SyncPolarity=HAL_DMAMUX_SYNC_NO_EVENT
Dma.MEMTOMEM.5.SyncRequestNumber=1
Dma.MEMTOMEM.5.SyncSignalID=NONE
Dma.Request0=USART1_RX
Dma.Request1=USART1_TX
Dma.Request2=I2C1_RX
Dma.Request3=I2C1_TX
Dma.Request4=ADC4
Dma.Request5=MEMTOMEM
Dma.RequestsNb=6
Dma.USART1_RX.0.Direction=DMA_PERIPH_TO_MEMORY
Dma.USART1_RX.0.EventEnable=DISABLE
Dma.USART1_RX.0.Instance=DMA1_Channel6
Dma.USART1_RX.0.MemDataAlignment=DMA_MDATAALIGN_BYTE
Dma.USART1_RX.0.MemInc=DMA_MINC_ENABLE
Dma.USART1_RX.0.Mode=DMA_NORMAL
Dma.USART1_RX.0.PeriphDataAlignment=DMA_PDATAALIGN_BYTE
Dma.USART1_RX.0.PeriphInc=DMA_PINC_DISABLE
Dma.USART1_RX.0.Polarity=HAL_DMAMUX_REQ_GEN_RISING
Dma.USART1_RX.0.Priority=DMA_PRIORITY_LOW
Dma.USART1_RX.0.RequestNumber=1
Dma.USART1_RX.0.RequestParameters=Instance,Direction,PeriphInc,MemInc,PeriphDataAlignment,MemDataAlignment,Mode,Priority,SignalID,Polarity,RequestNumber,SyncSignalID,SyncPolarity,SyncEnable,EventEnable,SyncRequestNumber
Dma.USART1_RX.0.SignalID=NONE
Dma.USART1_RX.0.SyncEnable=DISABLE
Dma.USART1_RX.0.SyncPolarity=HAL_DMAMUX_SYNC_NO_EVENT
Dma.USART1_RX.0.SyncRequestNumber=1
Dma.USART1_RX.0.SyncSignalID=NONE
Dma.USART1_TX.1.Direction=DMA_MEMORY_TO_PERIPH
Dma.USART1_TX.1.EventEnable=DISABLE
Dma.USART1_TX.1.Instance=DMA1_Channel7
Dma.USART1_TX.1.MemDataAlignment=DMA_MDATAALIGN_BYTE
Dma.USART1_TX.1.MemInc=DMA_MINC_ENABLE
Dma.USART1_TX.1.Mode=DMA_NORMAL
Dma.USART1_TX.1.PeriphDataAlignment=DMA_PDATAALIGN_BYTE
Dma.USART1_TX.1.PeriphInc=DMA_PINC_DISABLE
Dma.USART1_TX.1.Polarity=HAL_DMAMUX_REQ_GEN_RISING
Dma.USART1_TX.1.Priority=DMA_PRIORITY_LOW
Dma.USART1_TX.1.RequestNumber=1
Dma.USART1_TX.1.RequestParameters=Instance,Direction,PeriphInc,MemInc,PeriphDataAlignment,MemDataAlignment,Mode,Priority,SignalID,Polarity,RequestNumber,SyncSignalID,SyncPolarity,SyncEnable,EventEnable,SyncRequestNumber
Dma.USART1_TX.1.SignalID=NONE
Dma.USART1_TX.1.SyncEnable=DISABLE
Dma.USART1_TX.1.SyncPolarity=HAL_DMAMUX_SYNC_NO_EVENT
Dma.USART1_TX.1.SyncRequestNumber=1
Dma.USART1_TX.1.SyncSignalID=NONE
FDCAN2.CalculateBaudRateNominal=2100000
FDCAN2.CalculateTimeBitNominal=476
FDCAN2.CalculateTimeQuantumNominal=95.23809523809524
FDCAN2.IPParameters=CalculateTimeQuantumNominal,CalculateTimeBitNominal,CalculateBaudRateNominal
FMC.AddressSetupTime1=1
FMC.BusTurnAroundDuration1=1
FMC.DataHoldTime1=1
FMC.DataSetupTime1=1
FMC.ExtendedMode1=FMC_EXTENDED_MODE_DISABLE
FMC.IPParameters=DataHoldTime1,DataSetupTime1,AddressSetupTime1,BusTurnAroundDuration1,ExtendedMode1
File.Version=6
GPIO.groupedBy=Group By Peripherals
I2C1.Analog_Filter=I2C_ANALOGFILTER_ENABLE
I2C1.CustomTiming=Disabled
I2C1.I2C_Coeff_DF=5
I2C1.I2C_Fall_Time=10
I2C1.I2C_Rise_Time=10
I2C1.I2C_Speed_Mode=I2C_Fast
I2C1.IPParameters=Timing,CustomTiming,I2C_Rise_Time,I2C_Fall_Time,I2C_Coeff_DF,I2C_Speed_Mode,Speed,Analog_Filter
I2C1.Speed=400
I2C1.Timing=0x10902A95
I2C2.IPParameters=Timing
I2C2.Timing=0x60505F8C
KeepUserPlacement=false
Mcu.CPN=STM32G474QET6
Mcu.Family=STM32G4
Mcu.IP0=ADC1
Mcu.IP1=ADC2
Mcu.IP10=I2C1
Mcu.IP11=I2C2
Mcu.IP12=NVIC
Mcu.IP13=QUADSPI1
Mcu.IP14=RCC
Mcu.IP15=SPI1
Mcu.IP16=SYS
Mcu.IP17=TIM5
Mcu.IP18=TIM8
Mcu.IP19=TIM15
Mcu.IP2=ADC3
Mcu.IP20=TIM20
Mcu.IP21=UART4
Mcu.IP22=UART5
Mcu.IP23=USART1
Mcu.IP24=USART2
Mcu.IP25=USART3
Mcu.IP26=USB
Mcu.IP27=USB_DEVICE
Mcu.IP3=ADC4
Mcu.IP4=CRC
Mcu.IP5=DAC1
Mcu.IP6=DAC2
Mcu.IP7=DMA
Mcu.IP8=FDCAN2
Mcu.IP9=FMC
Mcu.IPNb=28
Mcu.Name=STM32G474Q(B-C-E)Tx
Mcu.Package=LQFP128
Mcu.Pin0=PE2
Mcu.Pin1=PE3
Mcu.Pin10=PF5
Mcu.Pin100=PB6
Mcu.Pin101=PB7
Mcu.Pin102=PB8-BOOT0
Mcu.Pin103=PB9
Mcu.Pin104=PE0
Mcu.Pin105=PE1
Mcu.Pin106=VP_CRC_VS_CRC
Mcu.Pin107=VP_SYS_VS_Systick
Mcu.Pin108=VP_SYS_VS_DBSignals
Mcu.Pin109=VP_TIM5_VS_ClockSourceINT
Mcu.Pin11=PF7
Mcu.Pin110=VP_TIM8_VS_ClockSourceINT
Mcu.Pin111=VP_TIM15_VS_ClockSourceINT
Mcu.Pin112=VP_TIM20_VS_ClockSourceINT
Mcu.Pin113=VP_USB_DEVICE_VS_USB_DEVICE_CDC_FS
Mcu.Pin12=PF8
Mcu.Pin13=PF9
Mcu.Pin14=PF10
Mcu.Pin15=PF0-OSC_IN
Mcu.Pin16=PF1-OSC_OUT
Mcu.Pin17=PC0
Mcu.Pin18=PC1
Mcu.Pin19=PC2
Mcu.Pin2=PE4
Mcu.Pin20=PC3
Mcu.Pin21=PF2
Mcu.Pin22=PA0
Mcu.Pin23=PA1
Mcu.Pin24=PA2
Mcu.Pin25=PA3
Mcu.Pin26=PA4
Mcu.Pin27=PA5
Mcu.Pin28=PA6
Mcu.Pin29=PA7
Mcu.Pin3=PE5
Mcu.Pin30=PC4
Mcu.Pin31=PC5
Mcu.Pin32=PB0
Mcu.Pin33=PB1
Mcu.Pin34=PB2
Mcu.Pin35=PF11
Mcu.Pin36=PF12
Mcu.Pin37=PF13
Mcu.Pin38=PF14
Mcu.Pin39=PF15
Mcu.Pin4=PE6
Mcu.Pin40=PE7
Mcu.Pin41=PE8
Mcu.Pin42=PE9
Mcu.Pin43=PE10
Mcu.Pin44=PE11
Mcu.Pin45=PE12
Mcu.Pin46=PE13
Mcu.Pin47=PE14
Mcu.Pin48=PE15
Mcu.Pin49=PB10
Mcu.Pin5=PC13
Mcu.Pin50=PB11
Mcu.Pin51=PB12
Mcu.Pin52=PB13
Mcu.Pin53=PB14
Mcu.Pin54=PB15
Mcu.Pin55=PD8
Mcu.Pin56=PD9
Mcu.Pin57=PD10
Mcu.Pin58=PD11
Mcu.Pin59=PD12
Mcu.Pin6=PC14-OSC32_IN
Mcu.Pin60=PD13
Mcu.Pin61=PD14
Mcu.Pin62=PD15
Mcu.Pin63=PC6
Mcu.Pin64=PC7
Mcu.Pin65=PG0
Mcu.Pin66=PG1
Mcu.Pin67=PG2
Mcu.Pin68=PG3
Mcu.Pin69=PG4
Mcu.Pin7=PC15-OSC32_OUT
Mcu.Pin70=PC8
Mcu.Pin71=PC9
Mcu.Pin72=PA8
Mcu.Pin73=PA9
Mcu.Pin74=PA10
Mcu.Pin75=PA11
Mcu.Pin76=PA12
Mcu.Pin77=PA13
Mcu.Pin78=PF6
Mcu.Pin79=PA14
Mcu.Pin8=PF3
Mcu.Pin80=PA15
Mcu.Pin81=PC10
Mcu.Pin82=PC11
Mcu.Pin83=PC12
Mcu.Pin84=PG5
Mcu.Pin85=PG6
Mcu.Pin86=PG7
Mcu.Pin87=PG8
Mcu.Pin88=PG9
Mcu.Pin89=PD0
Mcu.Pin9=PF4
Mcu.Pin90=PD1
Mcu.Pin91=PD2
Mcu.Pin92=PD3
Mcu.Pin93=PD4
Mcu.Pin94=PD5
Mcu.Pin95=PD6
Mcu.Pin96=PD7
Mcu.Pin97=PB3
Mcu.Pin98=PB4
Mcu.Pin99=PB5
Mcu.PinsNb=114
Mcu.ThirdParty0=STMicroelectronics.X-CUBE-DISPLAY.2.0.0
Mcu.ThirdParty1=STMicroelectronics.X-CUBE-TOUCHGFX.4.18.0
Mcu.ThirdPartyNb=2
Mcu.UserConstants=
Mcu.UserName=STM32G474QETx
MxCube.Version=6.6.1
MxDb.Version=DB.6.0.60
NVIC.BusFault_IRQn=true\:0\:0\:false\:false\:true\:false\:false\:false
NVIC.DMA1_Channel1_IRQn=true\:0\:0\:false\:false\:true\:false\:true\:true
NVIC.DMA1_Channel3_IRQn=true\:0\:0\:false\:false\:true\:false\:true\:true
NVIC.DMA1_Channel4_IRQn=true\:0\:0\:false\:false\:true\:false\:true\:true
NVIC.DMA1_Channel5_IRQn=true\:0\:0\:false\:false\:true\:false\:true\:true
NVIC.DMA1_Channel6_IRQn=true\:0\:0\:false\:false\:true\:false\:true\:true
NVIC.DMA1_Channel7_IRQn=true\:0\:0\:false\:false\:true\:false\:true\:true
NVIC.DebugMonitor_IRQn=true\:0\:0\:true\:false\:true\:false\:false\:false
NVIC.ForceEnableDMAVector=true
NVIC.HardFault_IRQn=true\:0\:0\:false\:false\:true\:false\:false\:false
NVIC.I2C1_ER_IRQn=true\:0\:0\:false\:false\:true\:true\:true\:true
NVIC.I2C1_EV_IRQn=true\:0\:0\:false\:false\:true\:true\:true\:true
NVIC.MemoryManagement_IRQn=true\:0\:0\:false\:false\:true\:false\:false\:false
NVIC.NonMaskableInt_IRQn=true\:0\:0\:false\:false\:true\:false\:false\:false
NVIC.PendSV_IRQn=true\:0\:0\:false\:false\:true\:false\:false\:false
NVIC.PriorityGroup=NVIC_PRIORITYGROUP_4
NVIC.SVCall_IRQn=true\:0\:0\:false\:false\:true\:false\:false\:false
NVIC.SysTick_IRQn=true\:0\:0\:false\:false\:true\:false\:true\:false
NVIC.USB_LP_IRQn=true\:0\:0\:false\:false\:true\:false\:true\:true
NVIC.UsageFault_IRQn=true\:0\:0\:false\:false\:true\:false\:false\:false
PA0.GPIOParameters=GPIO_Label
PA0.GPIO_Label=AD0
PA0.Locked=true
PA0.Mode=IN1-Single-Ended
PA0.Signal=ADC1_IN1
PA1.GPIOParameters=GPIO_Label
PA1.GPIO_Label=AD1
PA1.Locked=true
PA1.Mode=IN2-Single-Ended
PA1.Signal=ADC1_IN2
PA10.Locked=true
PA10.Mode=Asynchronous
PA10.Signal=USART1_RX
PA11.GPIOParameters=GPIO_Label
PA11.GPIO_Label=USB_MCU_N
PA11.Locked=true
PA11.Mode=Device
PA11.Signal=USB_DM
PA12.GPIOParameters=GPIO_Label
PA12.GPIO_Label=USB_MCU_P
PA12.Locked=true
PA12.Mode=Device
PA12.Signal=USB_DP
PA13.GPIOParameters=GPIO_Label
PA13.GPIO_Label=SWDIO
PA13.Locked=true
PA13.Mode=Trace_Synchro_4bits_SW
PA13.Signal=SYS_JTMS-SWDIO
PA14.GPIOParameters=GPIO_Label
PA14.GPIO_Label=SWCLK
PA14.Locked=true
PA14.Mode=Trace_Synchro_4bits_SW
PA14.Signal=SYS_JTCK-SWCLK
PA15.Locked=true
PA15.Mode=I2C
PA15.Signal=I2C1_SCL
PA2.GPIOParameters=GPIO_Label
PA2.GPIO_Label=AD2
PA2.Locked=true
PA2.Mode=IN3-Single-Ended
PA2.Signal=ADC1_IN3
PA3.GPIOParameters=GPIO_Label
PA3.GPIO_Label=AD3
PA3.Locked=true
PA3.Mode=IN4-Single-Ended
PA3.Signal=ADC1_IN4
PA4.GPIOParameters=GPIO_Label
PA4.GPIO_Label=DAC1
PA4.Locked=true
PA4.Signal=COMP_DAC11_group
PA5.GPIOParameters=GPIO_Label
PA5.GPIO_Label=AD8
PA5.Locked=true
PA5.Mode=IN13-Single-Ended
PA5.Signal=ADC2_IN13
PA6.GPIOParameters=GPIO_Label
PA6.GPIO_Label=DAC2
PA6.Locked=true
PA6.Signal=COMP_DAC21_group
PA7.GPIOParameters=GPIO_Label
PA7.GPIO_Label=QSPI_IO2
PA7.Locked=true
PA7.Mode=Single Bank 1
PA7.Signal=QUADSPI1_BK1_IO2
PA8.GPIOParameters=GPIO_Pu
PA8.GPIO_Pu=GPIO_PULLUP
PA8.Locked=true
PA8.Mode=I2C
PA8.Signal=I2C2_SDA
PA9.GPIOParameters=GPIO_Pu
PA9.GPIO_Pu=GPIO_PULLUP
PA9.Locked=true
PA9.Mode=I2C
PA9.Signal=I2C2_SCL
PB0.GPIOParameters=GPIO_Label
PB0.GPIO_Label=QSPI_IO1
PB0.Locked=true
PB0.Mode=Single Bank 1
PB0.Signal=QUADSPI1_BK1_IO1
PB1.GPIOParameters=GPIO_Label
PB1.GPIO_Label=QSPI_IO0
PB1.Locked=true
PB1.Mode=Single Bank 1
PB1.Signal=QUADSPI1_BK1_IO0
PB10.GPIOParameters=GPIO_Label
PB10.GPIO_Label=QSPI_CLK
PB10.Locked=true
PB10.Mode=Single Bank 1
PB10.Signal=QUADSPI1_CLK
PB11.GPIOParameters=GPIO_Label
PB11.GPIO_Label=QSPI_NCS
PB11.Locked=true
PB11.Mode=Single Bank 1
PB11.Signal=QUADSPI1_BK1_NCS
PB12.GPIOParameters=GPIO_Label
PB12.GPIO_Label=CAN2_RX
PB12.Locked=true
PB12.Mode=FDCAN_Activate
PB12.Signal=FDCAN2_RX
PB13.GPIOParameters=GPIO_Label
PB13.GPIO_Label=CAN2_TX
PB13.Locked=true
PB13.Mode=FDCAN_Activate
PB13.Signal=FDCAN2_TX
PB14.GPIOParameters=GPIO_PuPd,GPIO_Mode
PB14.GPIO_Mode=GPIO_MODE_ANALOG
PB14.GPIO_PuPd=GPIO_NOPULL
PB14.Locked=true
PB14.Mode=IN4-Single-Ended
PB14.Signal=ADC4_IN4
PB15.GPIOParameters=GPIO_PuPd,GPIO_Mode
PB15.GPIO_Mode=GPIO_MODE_ANALOG
PB15.GPIO_PuPd=GPIO_NOPULL
PB15.Locked=true
PB15.Mode=IN5-Single-Ended
PB15.Signal=ADC4_IN5
PB2.GPIOParameters=GPIO_Label
PB2.GPIO_Label=AD7
PB2.Mode=IN12-Single-Ended
PB2.Signal=ADC2_IN12
PB3.Locked=true
PB3.Mode=Asynchronous
PB3.Signal=USART2_TX
PB4.Locked=true
PB4.Mode=Asynchronous
PB4.Signal=USART2_RX
PB5.GPIOParameters=GPIO_Label
PB5.GPIO_Label=LIN_SLP
PB5.Locked=true
PB5.Signal=GPIO_Output
PB6.GPIOParameters=GPIO_Label
PB6.GPIO_Label=LCD_BKLT
PB6.Locked=true
PB6.Signal=GPIO_Output
PB7.Locked=true
PB7.Mode=I2C
PB7.Signal=I2C1_SDA
PB8-BOOT0.Locked=true
PB8-BOOT0.Mode=Asynchronous
PB8-BOOT0.Signal=USART3_RX
PB9.Locked=true
PB9.Mode=Asynchronous
PB9.Signal=USART3_TX
PC0.GPIOParameters=GPIO_Label
PC0.GPIO_Label=LED4
PC0.Locked=true
PC0.Signal=GPIO_Output
PC1.GPIOParameters=GPIO_Label
PC1.GPIO_Label=LED5
PC1.Locked=true
PC1.Signal=GPIO_Output
PC10.Locked=true
PC10.Mode=Asynchronous
PC10.Signal=UART4_TX
PC11.Locked=true
PC11.Mode=Asynchronous
PC11.Signal=UART4_RX
PC12.GPIOParameters=GPIO_Label
PC12.GPIO_Label=LIN_TX
PC12.Locked=true
PC12.Mode=Asynchronous
PC12.Signal=UART5_TX
PC13.GPIOParameters=GPIO_PuPd,GPIO_Label
PC13.GPIO_Label=JOY_BTN
PC13.GPIO_PuPd=GPIO_PULLUP
PC13.Locked=true
PC13.Signal=GPIO_Input
PC14-OSC32_IN.GPIOParameters=GPIO_PuPd,GPIO_Label,GPIO_ModeDefaultEXTI
PC14-OSC32_IN.GPIO_Label=BTN_ESC
PC14-OSC32_IN.GPIO_ModeDefaultEXTI=GPIO_MODE_IT_FALLING
PC14-OSC32_IN.GPIO_PuPd=GPIO_PULLUP
PC14-OSC32_IN.Locked=true
PC14-OSC32_IN.Signal=GPXTI14
PC15-OSC32_OUT.GPIOParameters=GPIO_PuPd,GPIO_Label
PC15-OSC32_OUT.GPIO_Label=BTN_OK
PC15-OSC32_OUT.GPIO_PuPd=GPIO_PULLUP
PC15-OSC32_OUT.Locked=true
PC15-OSC32_OUT.Signal=GPIO_Input
PC2.GPIOParameters=GPIO_Label
PC2.GPIO_Label=LED6
PC2.Locked=true
PC2.Signal=GPIO_Output
PC3.GPIOParameters=GPIO_Label
PC3.GPIO_Label=LED7
PC3.Locked=true
PC3.Signal=GPIO_Output
PC4.GPIOParameters=GPIO_Label
PC4.GPIO_Label=AD4
PC4.Locked=true
PC4.Mode=IN5-Single-Ended
PC4.Signal=ADC2_IN5
PC5.GPIOParameters=GPIO_Label
PC5.GPIO_Label=AD6
PC5.Locked=true
PC5.Mode=IN11-Single-Ended
PC5.Signal=ADC2_IN11
PC6.GPIOParameters=GPIO_Label
PC6.GPIO_Label=PWM10
PC6.Locked=true
PC6.Signal=S_TIM8_CH1
PC7.GPIOParameters=GPIO_Label
PC7.GPIO_Label=PWM11
PC7.Locked=true
PC7.Signal=S_TIM8_CH2
PC8.GPIOParameters=GPIO_Label
PC8.GPIO_Label=PWM12
PC8.Locked=true
PC8.Signal=S_TIM8_CH3
PC9.GPIOParameters=GPIO_Label
PC9.GPIO_Label=PWM13
PC9.Locked=true
PC9.Signal=S_TIM8_CH4
PCC.Checker=true
PCC.Line=STM32G4x4
PCC.MCU=STM32G474Q(B-C-E)Tx
PCC.PartNumber=STM32G474QETx
PCC.Seq0=2
PCC.Seq0.Step0.Average_Current=76.87 mA
PCC.Seq0.Step0.CPU_Frequency=170 MHz
PCC.Seq0.Step0.Category=In DS Table
PCC.Seq0.Step0.DMIPS=212.5
PCC.Seq0.Step0.Duration=1 s
PCC.Seq0.Step0.Frequency=4 MHz
PCC.Seq0.Step0.Memory=FLASH/DualBank/ART
PCC.Seq0.Step0.Mode=RUN
PCC.Seq0.Step0.Oscillator=HSE BYP PLL
PCC.Seq0.Step0.Peripherals=ADC1 ADC2 ADC3 ADC4 DAC1 DAC2 FDCAN2 FMC GPIOA GPIOB GPIOC GPIOD GPIOE GPIOF GPIOG I2C1 I2C2 QUADSPI1 SPI1 TIM5 TIM8 TIM15 TIM20 UART4 UART5 USART1 USART2 USART3 USB
PCC.Seq0.Step0.TaMax=112.47
PCC.Seq0.Step0.User's_Consumption=20 mA
PCC.Seq0.Step0.Vcore=Range1-Boost
PCC.Seq0.Step0.Vdd=3.0
PCC.Seq0.Step0.Voltage_Source=Battery
PCC.Seq0.Step1.Average_Current=80.5 \u00B5A
PCC.Seq0.Step1.CPU_Frequency=0 Hz
PCC.Seq0.Step1.Category=In DS Table
PCC.Seq0.Step1.DMIPS=0.0
PCC.Seq0.Step1.Duration=0.9 ms
PCC.Seq0.Step1.Frequency=0 Hz
PCC.Seq0.Step1.Memory=NA
PCC.Seq0.Step1.Mode=STOP1
PCC.Seq0.Step1.Oscillator=ALL CLOCKS OFF
PCC.Seq0.Step1.Peripherals=
PCC.Seq0.Step1.TaMax=129.98
PCC.Seq0.Step1.User's_Consumption=0 mA
PCC.Seq0.Step1.Vcore=NoRange
PCC.Seq0.Step1.Vdd=3.0
PCC.Seq0.Step1.Voltage_Source=Battery
PCC.Series=STM32G4
PCC.Temperature=25
PCC.Vdd=3.0
PD0.Locked=true
PD0.Signal=FMC_D2_DA2
PD1.Locked=true
PD1.Signal=FMC_D3_DA3
PD10.Locked=true
PD10.Signal=FMC_D15_DA15
PD11.GPIOParameters=GPIO_PuPd,GPIO_Label,GPIO_Mode
PD11.GPIO_Label=AD9
PD11.GPIO_Mode=GPIO_MODE_ANALOG
PD11.GPIO_PuPd=GPIO_NOPULL
PD11.Locked=true
PD11.Mode=IN8-Single-Ended
PD11.Signal=ADC3_IN8
PD12.GPIOParameters=GPIO_PuPd,GPIO_Label,GPIO_Mode
PD12.GPIO_Label=AD10
PD12.GPIO_Mode=GPIO_MODE_ANALOG
PD12.GPIO_PuPd=GPIO_NOPULL
PD12.Locked=true
PD12.Mode=IN9-Single-Ended
PD12.Signal=ADC3_IN9
PD13.GPIOParameters=GPIO_PuPd,GPIO_Label,GPIO_Mode
PD13.GPIO_Label=AD11
PD13.GPIO_Mode=GPIO_MODE_ANALOG
PD13.GPIO_PuPd=GPIO_NOPULL
PD13.Locked=true
PD13.Mode=IN10-Single-Ended
PD13.Signal=ADC3_IN10
PD14.Locked=true
PD14.Signal=FMC_D0_DA0
PD15.Locked=true
PD15.Signal=FMC_D1_DA1
PD2.GPIOParameters=GPIO_Label
PD2.GPIO_Label=LIN_RX
PD2.Locked=true
PD2.Mode=Asynchronous
PD2.Signal=UART5_RX
PD3.GPIOParameters=GPIO_Label
PD3.GPIO_Label=LCD_RST
PD3.Locked=true
PD3.Signal=GPIO_Output
PD4.GPIOParameters=GPIO_Label
PD4.GPIO_Label=LCD_RD
PD4.Locked=true
PD4.Signal=FMC_NOE
PD5.GPIOParameters=GPIO_Label
PD5.GPIO_Label=LCD_WR
PD5.Locked=true
PD5.Signal=FMC_NWE
PD6.GPIOParameters=GPIO_Label
PD6.GPIO_Label=TOUCH_PENIRQ
PD6.Locked=true
PD6.Signal=GPIO_Input
PD7.GPIOParameters=GPIO_Label
PD7.GPIO_Label=LCD_CS
PD7.Locked=true
PD7.Mode=NorPsramChipSelect1_1
PD7.Signal=FMC_NE1
PD8.Locked=true
PD8.Signal=FMC_D13_DA13
PD9.Locked=true
PD9.Signal=FMC_D14_DA14
PE0.GPIOParameters=GPIO_Label
PE0.GPIO_Label=FLASH_CS
PE0.Locked=true
PE0.Signal=GPIO_Output
PE1.GPIOParameters=GPIO_Speed,PinState,GPIO_PuPd,GPIO_Label
PE1.GPIO_Label=TOUCH_CS
PE1.GPIO_PuPd=GPIO_PULLUP
PE1.GPIO_Speed=GPIO_SPEED_FREQ_HIGH
PE1.Locked=true
PE1.PinState=GPIO_PIN_SET
PE1.Signal=GPIO_Output
PE10.Locked=true
PE10.Signal=FMC_D7_DA7
PE11.Locked=true
PE11.Signal=FMC_D8_DA8
PE12.Locked=true
PE12.Signal=FMC_D9_DA9
PE13.Locked=true
PE13.Signal=FMC_D10_DA10
PE14.Locked=true
PE14.Signal=FMC_D11_DA11
PE15.Locked=true
PE15.Signal=FMC_D12_DA12
PE2.Locked=true
PE2.Mode=Trace_Synchro_4bits_SW
PE2.Signal=SYS_TRACECLK
PE3.Locked=true
PE3.Mode=Trace_Synchro_4bits_SW
PE3.Signal=SYS_TRACED0
PE4.Locked=true
PE4.Mode=Trace_Synchro_4bits_SW
PE4.Signal=SYS_TRACED1
PE5.Locked=true
PE5.Mode=Trace_Synchro_4bits_SW
PE5.Signal=SYS_TRACED2
PE6.Locked=true
PE6.Mode=Trace_Synchro_4bits_SW
PE6.Signal=SYS_TRACED3
PE7.Locked=true
PE7.Signal=FMC_D4_DA4
PE8.Locked=true
PE8.Signal=FMC_D5_DA5
PE9.Locked=true
PE9.Signal=FMC_D6_DA6
PF0-OSC_IN.GPIOParameters=GPIO_Label
PF0-OSC_IN.GPIO_Label=MCI
PF0-OSC_IN.Locked=true
PF0-OSC_IN.Mode=HSE-External-Clock-Source
PF0-OSC_IN.Signal=RCC_OSC_IN
PF1-OSC_OUT.GPIOParameters=GPIO_Label
PF1-OSC_OUT.GPIO_Label=AD5
PF1-OSC_OUT.Locked=true
PF1-OSC_OUT.Mode=IN10-Single-Ended
PF1-OSC_OUT.Signal=ADC2_IN10
PF10.GPIOParameters=GPIO_Label
PF10.GPIO_Label=PWM5
PF10.Locked=true
PF10.Signal=S_TIM15_CH2
PF11.GPIOParameters=GPIO_Label
PF11.GPIO_Label=ARDUINO_CS
PF11.Locked=true
PF11.Signal=GPIO_Output
PF12.GPIOParameters=GPIO_Label
PF12.GPIO_Label=PWM6
PF12.Locked=true
PF12.Mode=PWM Generation1 CH1
PF12.Signal=TIM20_CH1
PF13.GPIOParameters=GPIO_Label
PF13.GPIO_Label=PWM7
PF13.Signal=S_TIM20_CH2
PF14.GPIOParameters=GPIO_Label
PF14.GPIO_Label=PWM8
PF14.Locked=true
PF14.Signal=S_TIM20_CH3
PF15.GPIOParameters=GPIO_Label
PF15.GPIO_Label=PWM9
PF15.Locked=true
PF15.Signal=S_TIM20_CH4
PF2.GPIOParameters=GPIO_Speed,GPIO_Label
PF2.GPIO_Label=LED0
PF2.GPIO_Speed=GPIO_SPEED_FREQ_VERY_HIGH
PF2.Locked=true
PF2.Signal=GPIO_Output
PF3.GPIOParameters=GPIO_Label
PF3.GPIO_Label=LED1
PF3.Locked=true
PF3.Signal=GPIO_Output
PF4.GPIOParameters=GPIO_Label
PF4.GPIO_Label=LED2
PF4.Locked=true
PF4.Signal=GPIO_Output
PF5.GPIOParameters=GPIO_Label
PF5.GPIO_Label=LED3
PF5.Locked=true
PF5.Signal=GPIO_Output
PF6.GPIOParameters=GPIO_Label
PF6.GPIO_Label=QSPI_IO3
PF6.Locked=true
PF6.Mode=Single Bank 1
PF6.Signal=QUADSPI1_BK1_IO3
PF7.GPIOParameters=GPIO_Label
PF7.GPIO_Label=PWM2
PF7.Locked=true
PF7.Signal=S_TIM5_CH2
PF8.GPIOParameters=GPIO_Label
PF8.GPIO_Label=PWM3
PF8.Locked=true
PF8.Signal=S_TIM5_CH3
PF9.GPIOParameters=GPIO_Label
PF9.GPIO_Label=PWM4
PF9.Locked=true
PF9.Signal=S_TIM5_CH4
PG0.GPIOParameters=GPIO_PuPd,GPIO_Label
PG0.GPIO_Label=BTN_UP
PG0.GPIO_PuPd=GPIO_PULLUP
PG0.Locked=true
PG0.Signal=GPIO_Input
PG1.GPIOParameters=GPIO_PuPd,GPIO_Label
PG1.GPIO_Label=BTN_DOWN
PG1.GPIO_PuPd=GPIO_PULLUP
PG1.Locked=true
PG1.Signal=GPIO_Input
PG2.Locked=true
PG2.Mode=Full_Duplex_Master
PG2.Signal=SPI1_SCK
PG3.Locked=true
PG3.Mode=Full_Duplex_Master
PG3.Signal=SPI1_MISO
PG4.Locked=true
PG4.Mode=Full_Duplex_Master
PG4.Signal=SPI1_MOSI
PG5.GPIOParameters=GPIO_Label
PG5.GPIO_Label=LCD_RS
PG5.Locked=true
PG5.Signal=FMC_A15
PG6.GPIOParameters=GPIO_PuPd,GPIO_Label
PG6.GPIO_Label=BTN_LEFT
PG6.GPIO_PuPd=GPIO_PULLUP
PG6.Locked=true
PG6.Signal=GPIO_Input
PG7.GPIOParameters=GPIO_Label
PG7.GPIO_Label=CAN_STBY
PG7.Locked=true
PG7.Signal=GPIO_Output
PG8.GPIOParameters=GPIO_PuPd,GPIO_Label
PG8.GPIO_Label=BTN_RIGHT
PG8.GPIO_PuPd=GPIO_PULLUP
PG8.Locked=true
PG8.Signal=GPIO_Input
PG9.Locked=true
PG9.Mode=Asynchronous
PG9.Signal=USART1_TX
PinOutPanel.RotationAngle=0
ProjectManager.AskForMigrate=true
ProjectManager.BackupPrevious=false
ProjectManager.CompilerOptimize=6
ProjectManager.ComputerToolchain=false
ProjectManager.CoupleFile=true
ProjectManager.CustomerFirmwarePackage=
ProjectManager.DefaultFWLocation=true
ProjectManager.DeletePrevious=true
ProjectManager.DeviceId=STM32G474QETx
ProjectManager.FirmwarePackage=STM32Cube FW_G4 V1.5.1
ProjectManager.FreePins=false
ProjectManager.HalAssertFull=false
ProjectManager.HeapSize=0x200
ProjectManager.KeepUserCode=true
ProjectManager.LastFirmware=true
ProjectManager.LibraryCopy=1
ProjectManager.MainLocation=Core/Src
ProjectManager.NoMain=false
ProjectManager.PreviousToolchain=STM32CubeIDE
ProjectManager.ProjectBuild=false
ProjectManager.ProjectFileName=Test.ioc
ProjectManager.ProjectName=Test
ProjectManager.RegisterCallBack=
ProjectManager.StackSize=0x400
ProjectManager.TargetToolchain=STM32CubeIDE
ProjectManager.ToolChainLocation=
ProjectManager.UnderRoot=true
ProjectManager.functionlistsort=1-MX_GPIO_Init-GPIO-false-HAL-true,2-SystemClock_Config-RCC-false-HAL-true,3-MX_ADC1_Init-ADC1-false-HAL-true,4-MX_ADC2_Init-ADC2-false-HAL-true,5-MX_FMC_Init-FMC-false-HAL-true,6-MX_I2C2_Init-I2C2-false-HAL-false,7-MX_UART4_Init-UART4-false-HAL-true,8-MX_UART5_Init-UART5-false-HAL-true,9-MX_USART1_UART_Init-USART1-false-LL-true,10-MX_USART2_UART_Init-USART2-false-HAL-true,11-MX_QUADSPI1_Init-QUADSPI1-false-HAL-true,12-MX_SPI1_Init-SPI1-false-HAL-true,13-MX_TIM5_Init-TIM5-false-HAL-true,14-MX_TIM8_Init-TIM8-false-HAL-true,15-MX_TIM20_Init-TIM20-false-HAL-true,16-MX_ADC3_Init-ADC3-false-HAL-true,17-MX_DAC1_Init-DAC1-false-HAL-true,18-MX_DAC2_Init-DAC2-false-HAL-true,19-MX_FDCAN2_Init-FDCAN2-false-HAL-true,20-MX_I2C1_Init-I2C1-false-HAL-true,21-MX_TIM15_Init-TIM15-false-HAL-true,22-MX_USART3_UART_Init-USART3-false-HAL-true,23-MX_ADC4_Init-ADC4-true-HAL-true,24-MX_USB_Device_Init-USB_DEVICE-false-HAL-false,25-MX_DMA_Init-DMA-false-HAL-true,26-MX_CRC_Init-CRC-false-HAL-true
RCC.ADC12Freq_Value=168000000
RCC.ADC345Freq_Value=168000000
RCC.AHBFreq_Value=168000000
RCC.APB1Freq_Value=168000000
RCC.APB1TimFreq_Value=168000000
RCC.APB2Freq_Value=168000000
RCC.APB2TimFreq_Value=168000000
RCC.CK48CLockSelection=RCC_USBCLKSOURCE_HSI48
RCC.CRSFreq_Value=48000000
RCC.CortexFreq_Value=168000000
RCC.EXTERNAL_CLOCK_VALUE=12288000
RCC.FCLKCortexFreq_Value=168000000
RCC.FDCANFreq_Value=168000000
RCC.FamilyName=M
RCC.HCLKFreq_Value=168000000
RCC.HRTIM1Freq_Value=168000000
RCC.HSE_VALUE=8000000
RCC.HSI48_VALUE=48000000
RCC.HSI_VALUE=16000000
RCC.I2C1Freq_Value=168000000
RCC.I2C2Freq_Value=168000000
RCC.I2C3Freq_Value=168000000
RCC.I2C4Freq_Value=168000000
RCC.I2SFreq_Value=168000000
RCC.IPParameters=ADC12Freq_Value,ADC345Freq_Value,AHBFreq_Value,APB1Freq_Value,APB1TimFreq_Value,APB2Freq_Value,APB2TimFreq_Value,CK48CLockSelection,CRSFreq_Value,CortexFreq_Value,EXTERNAL_CLOCK_VALUE,FCLKCortexFreq_Value,FDCANFreq_Value,FamilyName,HCLKFreq_Value,HRTIM1Freq_Value,HSE_VALUE,HSI48_VALUE,HSI_VALUE,I2C1Freq_Value,I2C2Freq_Value,I2C3Freq_Value,I2C4Freq_Value,I2SFreq_Value,LPTIM1Freq_Value,LPUART1Freq_Value,LSCOPinFreq_Value,LSE_VALUE,LSI_VALUE,MCO1PinFreq_Value,PLLN,PLLPoutputFreq_Value,PLLQ,PLLQoutputFreq_Value,PLLRCLKFreq_Value,PLLSourceVirtual,PWRFreq_Value,QSPIFreq_Value,RNGFreq_Value,SAI1Freq_Value,SYSCLKFreq_VALUE,SYSCLKSource,UART4Freq_Value,UART5Freq_Value,USART1Freq_Value,USART2Freq_Value,USART3Freq_Value,USBFreq_Value,VCOInputFreq_Value,VCOOutputFreq_Value
RCC.LPTIM1Freq_Value=168000000
RCC.LPUART1Freq_Value=168000000
RCC.LSCOPinFreq_Value=32000
RCC.LSE_VALUE=32768
RCC.LSI_VALUE=32000
RCC.MCO1PinFreq_Value=16000000
RCC.PLLN=42
RCC.PLLPoutputFreq_Value=168000000
RCC.PLLQ=RCC_PLLQ_DIV6
RCC.PLLQoutputFreq_Value=56000000
RCC.PLLRCLKFreq_Value=168000000
RCC.PLLSourceVirtual=RCC_PLLSOURCE_HSE
RCC.PWRFreq_Value=168000000
RCC.QSPIFreq_Value=168000000
RCC.RNGFreq_Value=48000000
RCC.SAI1Freq_Value=168000000
RCC.SYSCLKFreq_VALUE=168000000
RCC.SYSCLKSource=RCC_SYSCLKSOURCE_PLLCLK
RCC.UART4Freq_Value=168000000
RCC.UART5Freq_Value=168000000
RCC.USART1Freq_Value=168000000
RCC.USART2Freq_Value=168000000
RCC.USART3Freq_Value=168000000
RCC.USBFreq_Value=48000000
RCC.VCOInputFreq_Value=8000000
RCC.VCOOutputFreq_Value=336000000
SH.COMP_DAC11_group.0=DAC1_OUT1,DAC_OUT1
SH.COMP_DAC11_group.ConfNb=1
SH.COMP_DAC21_group.0=DAC2_OUT1,DAC_OUT1
SH.COMP_DAC21_group.ConfNb=1
SH.FMC_A15.0=FMC_A15,A15_1
SH.FMC_A15.ConfNb=1
SH.FMC_D0_DA0.0=FMC_D0,16b-d1
SH.FMC_D0_DA0.ConfNb=1
SH.FMC_D10_DA10.0=FMC_D10,16b-d1
SH.FMC_D10_DA10.ConfNb=1
SH.FMC_D11_DA11.0=FMC_D11,16b-d1
SH.FMC_D11_DA11.ConfNb=1
SH.FMC_D12_DA12.0=FMC_D12,16b-d1
SH.FMC_D12_DA12.ConfNb=1
SH.FMC_D13_DA13.0=FMC_D13,16b-d1
SH.FMC_D13_DA13.ConfNb=1
SH.FMC_D14_DA14.0=FMC_D14,16b-d1
SH.FMC_D14_DA14.ConfNb=1
SH.FMC_D15_DA15.0=FMC_D15,16b-d1
SH.FMC_D15_DA15.ConfNb=1
SH.FMC_D1_DA1.0=FMC_D1,16b-d1
SH.FMC_D1_DA1.ConfNb=1
SH.FMC_D2_DA2.0=FMC_D2,16b-d1
SH.FMC_D2_DA2.ConfNb=1
SH.FMC_D3_DA3.0=FMC_D3,16b-d1
SH.FMC_D3_DA3.ConfNb=1
SH.FMC_D4_DA4.0=FMC_D4,16b-d1
SH.FMC_D4_DA4.ConfNb=1
SH.FMC_D5_DA5.0=FMC_D5,16b-d1
SH.FMC_D5_DA5.ConfNb=1
SH.FMC_D6_DA6.0=FMC_D6,16b-d1
SH.FMC_D6_DA6.ConfNb=1
SH.FMC_D7_DA7.0=FMC_D7,16b-d1
SH.FMC_D7_DA7.ConfNb=1
SH.FMC_D8_DA8.0=FMC_D8,16b-d1
SH.FMC_D8_DA8.ConfNb=1
SH.FMC_D9_DA9.0=FMC_D9,16b-d1
SH.FMC_D9_DA9.ConfNb=1
SH.FMC_NOE.0=FMC_NOE,Lcd1
SH.FMC_NOE.ConfNb=1
SH.FMC_NWE.0=FMC_NWE,Lcd1
SH.FMC_NWE.ConfNb=1
SH.GPXTI14.0=GPIO_EXTI14
SH.GPXTI14.ConfNb=1
SH.S_TIM15_CH2.0=TIM15_CH2,PWM Generation2 CH2
SH.S_TIM15_CH2.ConfNb=1
SH.S_TIM20_CH2.0=TIM20_CH2,PWM Generation2 CH2
SH.S_TIM20_CH2.ConfNb=1
SH.S_TIM20_CH3.0=TIM20_CH3,PWM Generation3 CH3
SH.S_TIM20_CH3.ConfNb=1
SH.S_TIM20_CH4.0=TIM20_CH4,PWM Generation4 CH4
SH.S_TIM20_CH4.ConfNb=1
SH.S_TIM5_CH2.0=TIM5_CH2,PWM Generation2 CH2
SH.S_TIM5_CH2.ConfNb=1
SH.S_TIM5_CH3.0=TIM5_CH3,PWM Generation3 CH3
SH.S_TIM5_CH3.ConfNb=1
SH.S_TIM5_CH4.0=TIM5_CH4,PWM Generation4 CH4
SH.S_TIM5_CH4.ConfNb=1
SH.S_TIM8_CH1.0=TIM8_CH1,PWM Generation1 CH1
SH.S_TIM8_CH1.ConfNb=1
SH.S_TIM8_CH2.0=TIM8_CH2,PWM Generation2 CH2
SH.S_TIM8_CH2.ConfNb=1
SH.S_TIM8_CH3.0=TIM8_CH3,PWM Generation3 CH3
SH.S_TIM8_CH3.ConfNb=1
SH.S_TIM8_CH4.0=TIM8_CH4,PWM Generation4 CH4
SH.S_TIM8_CH4.ConfNb=1
SPI1.BaudRatePrescaler=SPI_BAUDRATEPRESCALER_64
SPI1.CalculateBaudRate=2.625 MBits/s
SPI1.DataSize=SPI_DATASIZE_8BIT
SPI1.Direction=SPI_DIRECTION_2LINES
SPI1.IPParameters=VirtualType,Mode,Direction,CalculateBaudRate,BaudRatePrescaler,DataSize,NSSPMode
SPI1.Mode=SPI_MODE_MASTER
SPI1.NSSPMode=SPI_NSS_PULSE_DISABLE
SPI1.VirtualType=VM_MASTER
STMicroelectronics.X-CUBE-DISPLAY.2.0.0.BSP.number=2
STMicroelectronics.X-CUBE-DISPLAY.2.0.0.BoardOoPartJjLCD_Checked=false
STMicroelectronics.X-CUBE-DISPLAY.2.0.0.IPParameters=p_fmc_dma_tx_id,p_display_cache_lines
STMicroelectronics.X-CUBE-DISPLAY.2.0.0.p_display_cache_lines=4
STMicroelectronics.X-CUBE-DISPLAY.2.0.0.p_fmc_dma_tx_id=1\:1
STMicroelectronics.X-CUBE-DISPLAY.2.0.00.BSP.STBoard=false
STMicroelectronics.X-CUBE-DISPLAY.2.0.00.BSP.api=Unknown
STMicroelectronics.X-CUBE-DISPLAY.2.0.00.BSP.component=
STMicroelectronics.X-CUBE-DISPLAY.2.0.00.BSP.condition=(SEMBoardOoPartJjLCDJjILI9341JjSPI | SEMBoardOoPartJjLCDJjILI9341JjFMC)
STMicroelectronics.X-CUBE-DISPLAY.2.0.00.BSP.instance=PD3
STMicroelectronics.X-CUBE-DISPLAY.2.0.00.BSP.ip=GPIO
STMicroelectronics.X-CUBE-DISPLAY.2.0.00.BSP.mode=Output
STMicroelectronics.X-CUBE-DISPLAY.2.0.00.BSP.name=LCD RESET Pin
STMicroelectronics.X-CUBE-DISPLAY.2.0.00.BSP.semaphore=
STMicroelectronics.X-CUBE-DISPLAY.2.0.00.BSP.solution=PD3
STMicroelectronics.X-CUBE-DISPLAY.2.0.01.BSP.STBoard=false
STMicroelectronics.X-CUBE-DISPLAY.2.0.01.BSP.api=HAL_EXTI_DRIVER
STMicroelectronics.X-CUBE-DISPLAY.2.0.01.BSP.component=
STMicroelectronics.X-CUBE-DISPLAY.2.0.01.BSP.condition=(SEMBoardOoPartJjLCDJjILI9341JjSPI | SEMBoardOoPartJjLCDJjILI9341JjFMC)
STMicroelectronics.X-CUBE-DISPLAY.2.0.01.BSP.instance=PC14-OSC32_IN
STMicroelectronics.X-CUBE-DISPLAY.2.0.01.BSP.ip=GPIO
STMicroelectronics.X-CUBE-DISPLAY.2.0.01.BSP.mode=EXTI
STMicroelectronics.X-CUBE-DISPLAY.2.0.01.BSP.name=LCD TE Pin
STMicroelectronics.X-CUBE-DISPLAY.2.0.01.BSP.semaphore=
STMicroelectronics.X-CUBE-DISPLAY.2.0.01.BSP.solution=PC14-OSC32_IN
STMicroelectronics.X-CUBE-DISPLAY.2.0.0_SwParameter=BoardOoPartJjLCDJjILI9341\:FMC;
STMicroelectronics.X-CUBE-TOUCHGFX.4.18.0.GraphicsJjApplication_Checked=false
STMicroelectronics.X-CUBE-TOUCHGFX.4.18.0.IPParameters=tgfx_display_interface,tgfx_hardware_accelerator,tgfx_custom_width,tgfx_custom_height,tgfx_buffering_strategy
STMicroelectronics.X-CUBE-TOUCHGFX.4.18.0.tgfx_buffering_strategy=Partial
STMicroelectronics.X-CUBE-TOUCHGFX.4.18.0.tgfx_custom_height=240
STMicroelectronics.X-CUBE-TOUCHGFX.4.18.0.tgfx_custom_width=320
STMicroelectronics.X-CUBE-TOUCHGFX.4.18.0.tgfx_display_interface=disp_fmc
STMicroelectronics.X-CUBE-TOUCHGFX.4.18.0.tgfx_hardware_accelerator=dma_none
STMicroelectronics.X-CUBE-TOUCHGFX.4.18.0_IsPackSelfContextualization=true
STMicroelectronics.X-CUBE-TOUCHGFX.4.18.0_SwParameter=ApplicationCcGraphicsJjApplication\:TouchGFXOoGenerator;
TIM15.Channel-PWM\ Generation2\ CH2=TIM_CHANNEL_2
TIM15.IPParameters=PeriodNoDither,PulseNoDither_2,Channel-PWM Generation2 CH2
TIM15.PeriodNoDither=32768
TIM15.PulseNoDither_2=16000
TIM20.Channel-PWM\ Generation1\ CH1=TIM_CHANNEL_1
TIM20.Channel-PWM\ Generation2\ CH2=TIM_CHANNEL_2
TIM20.Channel-PWM\ Generation3\ CH3=TIM_CHANNEL_3
TIM20.Channel-PWM\ Generation4\ CH4=TIM_CHANNEL_4
TIM20.IPParameters=Channel-PWM Generation2 CH2,PeriodNoDither,PulseNoDither_4,PulseNoDither_3,PulseNoDither_2,PulseNoDither_1,Channel-PWM Generation1 CH1,Channel-PWM Generation3 CH3,Channel-PWM Generation4 CH4
TIM20.PeriodNoDither=16000
TIM20.PulseNoDither_1=8000
TIM20.PulseNoDither_2=10000
TIM20.PulseNoDither_3=12000
TIM20.PulseNoDither_4=15000
TIM5.AutoReloadPreload=TIM_AUTORELOAD_PRELOAD_ENABLE
TIM5.Channel-PWM\ Generation2\ CH2=TIM_CHANNEL_2
TIM5.Channel-PWM\ Generation3\ CH3=TIM_CHANNEL_3
TIM5.Channel-PWM\ Generation4\ CH4=TIM_CHANNEL_4
TIM5.IPParameters=Channel-PWM Generation2 CH2,Channel-PWM Generation3 CH3,Channel-PWM Generation4 CH4,Prescaler,PeriodNoDither,AutoReloadPreload,PulseNoDither_2,PulseNoDither_3,PulseNoDither_4
TIM5.PeriodNoDither=10000
TIM5.Prescaler=10
TIM5.PulseNoDither_2=200
TIM5.PulseNoDither_3=400
TIM5.PulseNoDither_4=600
TIM8.Channel-PWM\ Generation1\ CH1=TIM_CHANNEL_1
TIM8.Channel-PWM\ Generation2\ CH2=TIM_CHANNEL_2
TIM8.Channel-PWM\ Generation3\ CH3=TIM_CHANNEL_3
TIM8.Channel-PWM\ Generation4\ CH4=TIM_CHANNEL_4
TIM8.IPParameters=Channel-PWM Generation1 CH1,Channel-PWM Generation2 CH2,Channel-PWM Generation3 CH3,Channel-PWM Generation4 CH4,PulseNoDither_1,PulseNoDither_2,PulseNoDither_3,PulseNoDither_4
TIM8.PulseNoDither_1=1000
TIM8.PulseNoDither_2=2000
TIM8.PulseNoDither_3=4000
TIM8.PulseNoDither_4=8000
USART1.IPParameters=VirtualMode-Asynchronous
USART1.VirtualMode-Asynchronous=VM_ASYNC
USART2.IPParameters=VirtualMode-Asynchronous
USART2.VirtualMode-Asynchronous=VM_ASYNC
USART3.IPParameters=VirtualMode-Asynchronous
USART3.VirtualMode-Asynchronous=VM_ASYNC
USB_DEVICE.CLASS_NAME_FS=CDC
USB_DEVICE.IPParameters=VirtualMode,VirtualModeFS,CLASS_NAME_FS
USB_DEVICE.VirtualMode=Cdc
USB_DEVICE.VirtualModeFS=Cdc_FS
VP_CRC_VS_CRC.Mode=CRC_Activate
VP_CRC_VS_CRC.Signal=CRC_VS_CRC
VP_SYS_VS_DBSignals.Mode=DisableDeadBatterySignals
VP_SYS_VS_DBSignals.Signal=SYS_VS_DBSignals
VP_SYS_VS_Systick.Mode=SysTick
VP_SYS_VS_Systick.Signal=SYS_VS_Systick
VP_TIM15_VS_ClockSourceINT.Mode=Internal
VP_TIM15_VS_ClockSourceINT.Signal=TIM15_VS_ClockSourceINT
VP_TIM20_VS_ClockSourceINT.Mode=Internal
VP_TIM20_VS_ClockSourceINT.Signal=TIM20_VS_ClockSourceINT
VP_TIM5_VS_ClockSourceINT.Mode=Internal
VP_TIM5_VS_ClockSourceINT.Signal=TIM5_VS_ClockSourceINT
VP_TIM8_VS_ClockSourceINT.Mode=Internal
VP_TIM8_VS_ClockSourceINT.Signal=TIM8_VS_ClockSourceINT
VP_USB_DEVICE_VS_USB_DEVICE_CDC_FS.Mode=CDC_FS
VP_USB_DEVICE_VS_USB_DEVICE_CDC_FS.Signal=USB_DEVICE_VS_USB_DEVICE_CDC_FS
board=custom
isbadioc=false
